
Microsoft Visual Studio Solution File, Format Version 12.00
# Visual Studio Version 17
VisualStudioVersion = 17.3.32929.385
MinimumVisualStudioVersion = 10.0.40219.1
Project("{9A19103F-16F7-4668-BE54-9A1E7A4F7556}") = "HackerNewsProd", "HackerNewsProd\HackerNewsProd.csproj", "{0A294E13-1176-4137-B820-81D9B83F0B44}"
EndProject
Project("{FAE04EC0-301F-11D3-BF4B-00C04F79EFBC}") = "HackerNews.Tests", "HackerNews.Tests\HackerNews.Tests.csproj", "{82821E4B-BB6F-42ED-8AD4-6D2531DB205D}"
EndProject
Global
	GlobalSection(SolutionConfigurationPlatforms) = preSolution
		Debug|Any CPU = Debug|Any CPU
		Release|Any CPU = Release|Any CPU
	EndGlobalSection
	GlobalSection(ProjectConfigurationPlatforms) = postSolution
		{0A294E13-1176-4137-B820-81D9B83F0B44}.Debug|Any CPU.ActiveCfg = Debug|Any CPU
		{0A294E13-1176-4137-B820-81D9B83F0B44}.Debug|Any CPU.Build.0 = Debug|Any CPU
		{0A294E13-1176-4137-B820-81D9B83F0B44}.Release|Any CPU.ActiveCfg = Release|Any CPU
		{0A294E13-1176-4137-B820-81D9B83F0B44}.Release|Any CPU.Build.0 = Release|Any CPU
		{82821E4B-BB6F-42ED-8AD4-6D2531DB205D}.Debug|Any CPU.ActiveCfg = Debug|Any CPU
		{82821E4B-BB6F-42ED-8AD4-6D2531DB205D}.Debug|Any CPU.Build.0 = Debug|Any CPU
		{82821E4B-BB6F-42ED-8AD4-6D2531DB205D}.Release|Any CPU.ActiveCfg = Release|Any CPU
		{82821E4B-BB6F-42ED-8AD4-6D2531DB205D}.Release|Any CPU.Build.0 = Release|Any CPU
	EndGlobalSection
	GlobalSection(SolutionProperties) = preSolution
		HideSolutionNode = FALSE
	EndGlobalSection
	GlobalSection(ExtensibilityGlobals) = postSolution
		SolutionGuid = {D053B1D0-7F27-4AE1-AA5A-468DDB7FE95B}
	EndGlobalSection
EndGlobal
